// !$*UTF8*$!
{
	archiveVersion = 1;
	classes = {
	};
	objectVersion = 55;
	objects = {

/* Begin PBXBuildFile section */
		6C93560116E299AB7D93CE19 /* Pods_github_followers.framework in Frameworks */ = {isa = PBXBuildFile; fileRef = A1E9F949F01BCDD48A660722 /* Pods_github_followers.framework */; };
		DD50FAC427D84D990035C473 /* GFButton.swift in Sources */ = {isa = PBXBuildFile; fileRef = DD50FAC327D84D990035C473 /* GFButton.swift */; };
		DD50FAC627D850D90035C473 /* GFTextField.swift in Sources */ = {isa = PBXBuildFile; fileRef = DD50FAC527D850D90035C473 /* GFTextField.swift */; };
		DD50FAC827D873BE0035C473 /* FollowerListViewController.swift in Sources */ = {isa = PBXBuildFile; fileRef = DD50FAC727D873BE0035C473 /* FollowerListViewController.swift */; };
		DD736F8327DACBBD00627A04 /* GFTitleLabel.swift in Sources */ = {isa = PBXBuildFile; fileRef = DD736F8227DACBBD00627A04 /* GFTitleLabel.swift */; };
		DDB2C9E527E15EFE0053FBF1 /* GFBodyLabel.swift in Sources */ = {isa = PBXBuildFile; fileRef = DDB2C9E427E15EFE0053FBF1 /* GFBodyLabel.swift */; };
		DDB2C9E727E15FD10053FBF1 /* GFAlertViewController.swift in Sources */ = {isa = PBXBuildFile; fileRef = DDB2C9E627E15FD10053FBF1 /* GFAlertViewController.swift */; };
		DDB2C9E927E16B320053FBF1 /* UIViewController+Extension.swift in Sources */ = {isa = PBXBuildFile; fileRef = DDB2C9E827E16B320053FBF1 /* UIViewController+Extension.swift */; };
		DDBDF6DA27AF76ED00D38CE8 /* AppDelegate.swift in Sources */ = {isa = PBXBuildFile; fileRef = DDBDF6D927AF76ED00D38CE8 /* AppDelegate.swift */; };
		DDBDF6DC27AF76ED00D38CE8 /* SceneDelegate.swift in Sources */ = {isa = PBXBuildFile; fileRef = DDBDF6DB27AF76ED00D38CE8 /* SceneDelegate.swift */; };
		DDBDF6E327AF76EE00D38CE8 /* Assets.xcassets in Resources */ = {isa = PBXBuildFile; fileRef = DDBDF6E227AF76EE00D38CE8 /* Assets.xcassets */; };
		DDBDF6EE27AF7F9A00D38CE8 /* SearchViewController.swift in Sources */ = {isa = PBXBuildFile; fileRef = DDBDF6ED27AF7F9A00D38CE8 /* SearchViewController.swift */; };
		DDBDF6F027AF7FD900D38CE8 /* FavouritesListViewController.swift in Sources */ = {isa = PBXBuildFile; fileRef = DDBDF6EF27AF7FD900D38CE8 /* FavouritesListViewController.swift */; };
/* End PBXBuildFile section */

/* Begin PBXFileReference section */
		138EA70CA3BCA44152C0FA0E /* Pods-github_followers.debug.xcconfig */ = {isa = PBXFileReference; includeInIndex = 1; lastKnownFileType = text.xcconfig; name = "Pods-github_followers.debug.xcconfig"; path = "Target Support Files/Pods-github_followers/Pods-github_followers.debug.xcconfig"; sourceTree = "<group>"; };
		A1E9F949F01BCDD48A660722 /* Pods_github_followers.framework */ = {isa = PBXFileReference; explicitFileType = wrapper.framework; includeInIndex = 0; path = Pods_github_followers.framework; sourceTree = BUILT_PRODUCTS_DIR; };
		AEE5D6B3F5AE65567E3A60C7 /* Pods-github_followers.release.xcconfig */ = {isa = PBXFileReference; includeInIndex = 1; lastKnownFileType = text.xcconfig; name = "Pods-github_followers.release.xcconfig"; path = "Target Support Files/Pods-github_followers/Pods-github_followers.release.xcconfig"; sourceTree = "<group>"; };
		DD50FAC327D84D990035C473 /* GFButton.swift */ = {isa = PBXFileReference; lastKnownFileType = sourcecode.swift; path = GFButton.swift; sourceTree = "<group>"; };
		DD50FAC527D850D90035C473 /* GFTextField.swift */ = {isa = PBXFileReference; lastKnownFileType = sourcecode.swift; path = GFTextField.swift; sourceTree = "<group>"; };
		DD50FAC727D873BE0035C473 /* FollowerListViewController.swift */ = {isa = PBXFileReference; lastKnownFileType = sourcecode.swift; path = FollowerListViewController.swift; sourceTree = "<group>"; };
		DD736F8227DACBBD00627A04 /* GFTitleLabel.swift */ = {isa = PBXFileReference; lastKnownFileType = sourcecode.swift; path = GFTitleLabel.swift; sourceTree = "<group>"; };
		DDB2C9E427E15EFE0053FBF1 /* GFBodyLabel.swift */ = {isa = PBXFileReference; lastKnownFileType = sourcecode.swift; path = GFBodyLabel.swift; sourceTree = "<group>"; };
		DDB2C9E627E15FD10053FBF1 /* GFAlertViewController.swift */ = {isa = PBXFileReference; lastKnownFileType = sourcecode.swift; path = GFAlertViewController.swift; sourceTree = "<group>"; };
		DDB2C9E827E16B320053FBF1 /* UIViewController+Extension.swift */ = {isa = PBXFileReference; lastKnownFileType = sourcecode.swift; path = "UIViewController+Extension.swift"; sourceTree = "<group>"; };
		DDBDF6D627AF76ED00D38CE8 /* github_followers.app */ = {isa = PBXFileReference; explicitFileType = wrapper.application; includeInIndex = 0; path = github_followers.app; sourceTree = BUILT_PRODUCTS_DIR; };
		DDBDF6D927AF76ED00D38CE8 /* AppDelegate.swift */ = {isa = PBXFileReference; lastKnownFileType = sourcecode.swift; path = AppDelegate.swift; sourceTree = "<group>"; };
		DDBDF6DB27AF76ED00D38CE8 /* SceneDelegate.swift */ = {isa = PBXFileReference; lastKnownFileType = sourcecode.swift; path = SceneDelegate.swift; sourceTree = "<group>"; };
		DDBDF6E227AF76EE00D38CE8 /* Assets.xcassets */ = {isa = PBXFileReference; lastKnownFileType = folder.assetcatalog; path = Assets.xcassets; sourceTree = "<group>"; };
		DDBDF6E727AF76EE00D38CE8 /* Info.plist */ = {isa = PBXFileReference; lastKnownFileType = text.plist.xml; path = Info.plist; sourceTree = "<group>"; };
		DDBDF6ED27AF7F9A00D38CE8 /* SearchViewController.swift */ = {isa = PBXFileReference; lastKnownFileType = sourcecode.swift; path = SearchViewController.swift; sourceTree = "<group>"; };
		DDBDF6EF27AF7FD900D38CE8 /* FavouritesListViewController.swift */ = {isa = PBXFileReference; lastKnownFileType = sourcecode.swift; path = FavouritesListViewController.swift; sourceTree = "<group>"; };
/* End PBXFileReference section */

/* Begin PBXFrameworksBuildPhase section */
		DDBDF6D327AF76ED00D38CE8 /* Frameworks */ = {
			isa = PBXFrameworksBuildPhase;
			buildActionMask = 2147483647;
			files = (
				6C93560116E299AB7D93CE19 /* Pods_github_followers.framework in Frameworks */,
			);
			runOnlyForDeploymentPostprocessing = 0;
		};
/* End PBXFrameworksBuildPhase section */

/* Begin PBXGroup section */
		1732BEECED68D39E9E00E95C /* Frameworks */ = {
			isa = PBXGroup;
			children = (
				A1E9F949F01BCDD48A660722 /* Pods_github_followers.framework */,
			);
			name = Frameworks;
			sourceTree = "<group>";
		};
		AE67C2E61E002B602038A2FD /* Pods */ = {
			isa = PBXGroup;
			children = (
				138EA70CA3BCA44152C0FA0E /* Pods-github_followers.debug.xcconfig */,
				AEE5D6B3F5AE65567E3A60C7 /* Pods-github_followers.release.xcconfig */,
			);
			path = Pods;
			sourceTree = "<group>";
		};
		DDB2C9EA27E174A40053FBF1 /* Screens */ = {
			isa = PBXGroup;
			children = (
				DDBDF6ED27AF7F9A00D38CE8 /* SearchViewController.swift */,
				DDBDF6EF27AF7FD900D38CE8 /* FavouritesListViewController.swift */,
				DD50FAC727D873BE0035C473 /* FollowerListViewController.swift */,
			);
			path = Screens;
			sourceTree = "<group>";
		};
		DDB2C9EB27E174DA0053FBF1 /* Custom Views */ = {
			isa = PBXGroup;
			children = (
				DDB2C9E627E15FD10053FBF1 /* GFAlertViewController.swift */,
				DD50FAC327D84D990035C473 /* GFButton.swift */,
				DD50FAC527D850D90035C473 /* GFTextField.swift */,
				DD736F8227DACBBD00627A04 /* GFTitleLabel.swift */,
				DDB2C9E427E15EFE0053FBF1 /* GFBodyLabel.swift */,
			);
			path = "Custom Views";
			sourceTree = "<group>";
		};
		DDB2C9EC27E1750A0053FBF1 /* Extensions */ = {
			isa = PBXGroup;
			children = (
				DDB2C9E827E16B320053FBF1 /* UIViewController+Extension.swift */,
			);
			path = Extensions;
			sourceTree = "<group>";
		};
		DDB2C9EE27E175590053FBF1 /* Supporting Files */ = {
			isa = PBXGroup;
			children = (
				DDBDF6E227AF76EE00D38CE8 /* Assets.xcassets */,
				DDBDF6E727AF76EE00D38CE8 /* Info.plist */,
			);
			path = "Supporting Files";
			sourceTree = "<group>";
		};
		DDBDF6CD27AF76ED00D38CE8 = {
			isa = PBXGroup;
			children = (
				DDBDF6D827AF76ED00D38CE8 /* github_followers */,
				DDBDF6D727AF76ED00D38CE8 /* Products */,
				AE67C2E61E002B602038A2FD /* Pods */,
				1732BEECED68D39E9E00E95C /* Frameworks */,
			);
			sourceTree = "<group>";
		};
		DDBDF6D727AF76ED00D38CE8 /* Products */ = {
			isa = PBXGroup;
			children = (
				DDBDF6D627AF76ED00D38CE8 /* github_followers.app */,
			);
			name = Products;
			sourceTree = "<group>";
		};
		DDBDF6D827AF76ED00D38CE8 /* github_followers */ = {
			isa = PBXGroup;
			children = (
				DDBDF6D927AF76ED00D38CE8 /* AppDelegate.swift */,
				DDBDF6DB27AF76ED00D38CE8 /* SceneDelegate.swift */,
				DDB2C9EC27E1750A0053FBF1 /* Extensions */,
				DDB2C9EB27E174DA0053FBF1 /* Custom Views */,
				DDB2C9EA27E174A40053FBF1 /* Screens */,
				DDB2C9EE27E175590053FBF1 /* Supporting Files */,
			);
			path = github_followers;
			sourceTree = "<group>";
		};
/* End PBXGroup section */

/* Begin PBXNativeTarget section */
		DDBDF6D527AF76ED00D38CE8 /* github_followers */ = {
			isa = PBXNativeTarget;
			buildConfigurationList = DDBDF6EA27AF76EE00D38CE8 /* Build configuration list for PBXNativeTarget "github_followers" */;
			buildPhases = (
				448F583C8E7E54A8EA3A3CB7 /* [CP] Check Pods Manifest.lock */,
				DDBDF6D227AF76ED00D38CE8 /* Sources */,
				DDBDF6D327AF76ED00D38CE8 /* Frameworks */,
				DDBDF6D427AF76ED00D38CE8 /* Resources */,
				DDBDF6F127AF876C00D38CE8 /* Swiftlint */,
			);
			buildRules = (
			);
			dependencies = (
			);
			name = github_followers;
			productName = github_followers;
			productReference = DDBDF6D627AF76ED00D38CE8 /* github_followers.app */;
			productType = "com.apple.product-type.application";
		};
/* End PBXNativeTarget section */

/* Begin PBXProject section */
		DDBDF6CE27AF76ED00D38CE8 /* Project object */ = {
			isa = PBXProject;
			attributes = {
				BuildIndependentTargetsInParallel = 1;
				LastSwiftUpdateCheck = 1310;
				LastUpgradeCheck = 1310;
				TargetAttributes = {
					DDBDF6D527AF76ED00D38CE8 = {
						CreatedOnToolsVersion = 13.1;
					};
				};
			};
			buildConfigurationList = DDBDF6D127AF76ED00D38CE8 /* Build configuration list for PBXProject "github_followers" */;
			compatibilityVersion = "Xcode 13.0";
			developmentRegion = en;
			hasScannedForEncodings = 0;
			knownRegions = (
				en,
				Base,
			);
			mainGroup = DDBDF6CD27AF76ED00D38CE8;
			productRefGroup = DDBDF6D727AF76ED00D38CE8 /* Products */;
			projectDirPath = "";
			projectRoot = "";
			targets = (
				DDBDF6D527AF76ED00D38CE8 /* github_followers */,
			);
		};
/* End PBXProject section */

/* Begin PBXResourcesBuildPhase section */
		DDBDF6D427AF76ED00D38CE8 /* Resources */ = {
			isa = PBXResourcesBuildPhase;
			buildActionMask = 2147483647;
			files = (
				DDBDF6E327AF76EE00D38CE8 /* Assets.xcassets in Resources */,
			);
			runOnlyForDeploymentPostprocessing = 0;
		};
/* End PBXResourcesBuildPhase section */

/* Begin PBXShellScriptBuildPhase section */
		448F583C8E7E54A8EA3A3CB7 /* [CP] Check Pods Manifest.lock */ = {
			isa = PBXShellScriptBuildPhase;
			buildActionMask = 2147483647;
			files = (
			);
			inputFileListPaths = (
			);
			inputPaths = (
				"${PODS_PODFILE_DIR_PATH}/Podfile.lock",
				"${PODS_ROOT}/Manifest.lock",
			);
			name = "[CP] Check Pods Manifest.lock";
			outputFileListPaths = (
			);
			outputPaths = (
				"$(DERIVED_FILE_DIR)/Pods-github_followers-checkManifestLockResult.txt",
			);
			runOnlyForDeploymentPostprocessing = 0;
			shellPath = /bin/sh;
			shellScript = "diff \"${PODS_PODFILE_DIR_PATH}/Podfile.lock\" \"${PODS_ROOT}/Manifest.lock\" > /dev/null\nif [ $? != 0 ] ; then\n    # print error to STDERR\n    echo \"error: The sandbox is not in sync with the Podfile.lock. Run 'pod install' or update your CocoaPods installation.\" >&2\n    exit 1\nfi\n# This output is used by Xcode 'outputs' to avoid re-running this script phase.\necho \"SUCCESS\" > \"${SCRIPT_OUTPUT_FILE_0}\"\n";
			showEnvVarsInLog = 0;
		};
		DDBDF6F127AF876C00D38CE8 /* Swiftlint */ = {
			isa = PBXShellScriptBuildPhase;
			buildActionMask = 2147483647;
			files = (
			);
			inputFileListPaths = (
			);
			inputPaths = (
			);
			name = Swiftlint;
			outputFileListPaths = (
			);
			outputPaths = (
			);
			runOnlyForDeploymentPostprocessing = 0;
			shellPath = /bin/sh;
			shellScript = "# Type a script or drag a script file from your workspace to insert its path.\nif which \"${PODS_ROOT}/SwiftLint/swiftlint\" >/dev/null; then\n    ${PODS_ROOT}/SwiftLint/swiftlint --fix \nelse\n    echo \"warning: SwiftLint not installed, download from https://github.com/realm/SwiftLint\"\nfi\n";
		};
/* End PBXShellScriptBuildPhase section */

/* Begin PBXSourcesBuildPhase section */
		DDBDF6D227AF76ED00D38CE8 /* Sources */ = {
			isa = PBXSourcesBuildPhase;
			buildActionMask = 2147483647;
			files = (
				DDB2C9E727E15FD10053FBF1 /* GFAlertViewController.swift in Sources */,
				DDB2C9E927E16B320053FBF1 /* UIViewController+Extension.swift in Sources */,
				DD50FAC627D850D90035C473 /* GFTextField.swift in Sources */,
				DDBDF6F027AF7FD900D38CE8 /* FavouritesListViewController.swift in Sources */,
				DD50FAC427D84D990035C473 /* GFButton.swift in Sources */,
				DD50FAC827D873BE0035C473 /* FollowerListViewController.swift in Sources */,
				DDB2C9E527E15EFE0053FBF1 /* GFBodyLabel.swift in Sources */,
				DD736F8327DACBBD00627A04 /* GFTitleLabel.swift in Sources */,
				DDBDF6EE27AF7F9A00D38CE8 /* SearchViewController.swift in Sources */,
				DDBDF6DA27AF76ED00D38CE8 /* AppDelegate.swift in Sources */,
				DDBDF6DC27AF76ED00D38CE8 /* SceneDelegate.swift in Sources */,
			);
			runOnlyForDeploymentPostprocessing = 0;
		};
/* End PBXSourcesBuildPhase section */

/* Begin XCBuildConfiguration section */
		DDBDF6E827AF76EE00D38CE8 /* Debug */ = {
			isa = XCBuildConfiguration;
			buildSettings = {
				ALWAYS_SEARCH_USER_PATHS = NO;
				CLANG_ANALYZER_NONNULL = YES;
				CLANG_ANALYZER_NUMBER_OBJECT_CONVERSION = YES_AGGRESSIVE;
				CLANG_CXX_LANGUAGE_STANDARD = "gnu++17";
				CLANG_CXX_LIBRARY = "libc++";
				CLANG_ENABLE_MODULES = YES;
				CLANG_ENABLE_OBJC_ARC = YES;
				CLANG_ENABLE_OBJC_WEAK = YES;
				CLANG_WARN_BLOCK_CAPTURE_AUTORELEASING = YES;
				CLANG_WARN_BOOL_CONVERSION = YES;
				CLANG_WARN_COMMA = YES;
				CLANG_WARN_CONSTANT_CONVERSION = YES;
				CLANG_WARN_DEPRECATED_OBJC_IMPLEMENTATIONS = YES;
				CLANG_WARN_DIRECT_OBJC_ISA_USAGE = YES_ERROR;
				CLANG_WARN_DOCUMENTATION_COMMENTS = YES;
				CLANG_WARN_EMPTY_BODY = YES;
				CLANG_WARN_ENUM_CONVERSION = YES;
				CLANG_WARN_INFINITE_RECURSION = YES;
				CLANG_WARN_INT_CONVERSION = YES;
				CLANG_WARN_NON_LITERAL_NULL_CONVERSION = YES;
				CLANG_WARN_OBJC_IMPLICIT_RETAIN_SELF = YES;
				CLANG_WARN_OBJC_LITERAL_CONVERSION = YES;
				CLANG_WARN_OBJC_ROOT_CLASS = YES_ERROR;
				CLANG_WARN_QUOTED_INCLUDE_IN_FRAMEWORK_HEADER = YES;
				CLANG_WARN_RANGE_LOOP_ANALYSIS = YES;
				CLANG_WARN_STRICT_PROTOTYPES = YES;
				CLANG_WARN_SUSPICIOUS_MOVE = YES;
				CLANG_WARN_UNGUARDED_AVAILABILITY = YES_AGGRESSIVE;
				CLANG_WARN_UNREACHABLE_CODE = YES;
				CLANG_WARN__DUPLICATE_METHOD_MATCH = YES;
				COPY_PHASE_STRIP = NO;
				DEBUG_INFORMATION_FORMAT = dwarf;
				ENABLE_STRICT_OBJC_MSGSEND = YES;
				ENABLE_TESTABILITY = YES;
				GCC_C_LANGUAGE_STANDARD = gnu11;
				GCC_DYNAMIC_NO_PIC = NO;
				GCC_NO_COMMON_BLOCKS = YES;
				GCC_OPTIMIZATION_LEVEL = 0;
				GCC_PREPROCESSOR_DEFINITIONS = (
					"DEBUG=1",
					"$(inherited)",
				);
				GCC_WARN_64_TO_32_BIT_CONVERSION = YES;
				GCC_WARN_ABOUT_RETURN_TYPE = YES_ERROR;
				GCC_WARN_UNDECLARED_SELECTOR = YES;
				GCC_WARN_UNINITIALIZED_AUTOS = YES_AGGRESSIVE;
				GCC_WARN_UNUSED_FUNCTION = YES;
				GCC_WARN_UNUSED_VARIABLE = YES;
				IPHONEOS_DEPLOYMENT_TARGET = 15.0;
				MTL_ENABLE_DEBUG_INFO = INCLUDE_SOURCE;
				MTL_FAST_MATH = YES;
				ONLY_ACTIVE_ARCH = YES;
				SDKROOT = iphoneos;
				SWIFT_ACTIVE_COMPILATION_CONDITIONS = DEBUG;
				SWIFT_OPTIMIZATION_LEVEL = "-Onone";
			};
			name = Debug;
		};
		DDBDF6E927AF76EE00D38CE8 /* Release */ = {
			isa = XCBuildConfiguration;
			buildSettings = {
				ALWAYS_SEARCH_USER_PATHS = NO;
				CLANG_ANALYZER_NONNULL = YES;
				CLANG_ANALYZER_NUMBER_OBJECT_CONVERSION = YES_AGGRESSIVE;
				CLANG_CXX_LANGUAGE_STANDARD = "gnu++17";
				CLANG_CXX_LIBRARY = "libc++";
				CLANG_ENABLE_MODULES = YES;
				CLANG_ENABLE_OBJC_ARC = YES;
				CLANG_ENABLE_OBJC_WEAK = YES;
				CLANG_WARN_BLOCK_CAPTURE_AUTORELEASING = YES;
				CLANG_WARN_BOOL_CONVERSION = YES;
				CLANG_WARN_COMMA = YES;
				CLANG_WARN_CONSTANT_CONVERSION = YES;
				CLANG_WARN_DEPRECATED_OBJC_IMPLEMENTATIONS = YES;
				CLANG_WARN_DIRECT_OBJC_ISA_USAGE = YES_ERROR;
				CLANG_WARN_DOCUMENTATION_COMMENTS = YES;
				CLANG_WARN_EMPTY_BODY = YES;
				CLANG_WARN_ENUM_CONVERSION = YES;
				CLANG_WARN_INFINITE_RECURSION = YES;
				CLANG_WARN_INT_CONVERSION = YES;
				CLANG_WARN_NON_LITERAL_NULL_CONVERSION = YES;
				CLANG_WARN_OBJC_IMPLICIT_RETAIN_SELF = YES;
				CLANG_WARN_OBJC_LITERAL_CONVERSION = YES;
				CLANG_WARN_OBJC_ROOT_CLASS = YES_ERROR;
				CLANG_WARN_QUOTED_INCLUDE_IN_FRAMEWORK_HEADER = YES;
				CLANG_WARN_RANGE_LOOP_ANALYSIS = YES;
				CLANG_WARN_STRICT_PROTOTYPES = YES;
				CLANG_WARN_SUSPICIOUS_MOVE = YES;
				CLANG_WARN_UNGUARDED_AVAILABILITY = YES_AGGRESSIVE;
				CLANG_WARN_UNREACHABLE_CODE = YES;
				CLANG_WARN__DUPLICATE_METHOD_MATCH = YES;
				COPY_PHASE_STRIP = NO;
				DEBUG_INFORMATION_FORMAT = "dwarf-with-dsym";
				ENABLE_NS_ASSERTIONS = NO;
				ENABLE_STRICT_OBJC_MSGSEND = YES;
				GCC_C_LANGUAGE_STANDARD = gnu11;
				GCC_NO_COMMON_BLOCKS = YES;
				GCC_WARN_64_TO_32_BIT_CONVERSION = YES;
				GCC_WARN_ABOUT_RETURN_TYPE = YES_ERROR;
				GCC_WARN_UNDECLARED_SELECTOR = YES;
				GCC_WARN_UNINITIALIZED_AUTOS = YES_AGGRESSIVE;
				GCC_WARN_UNUSED_FUNCTION = YES;
				GCC_WARN_UNUSED_VARIABLE = YES;
				IPHONEOS_DEPLOYMENT_TARGET = 15.0;
				MTL_ENABLE_DEBUG_INFO = NO;
				MTL_FAST_MATH = YES;
				SDKROOT = iphoneos;
				SWIFT_COMPILATION_MODE = wholemodule;
				SWIFT_OPTIMIZATION_LEVEL = "-O";
				VALIDATE_PRODUCT = YES;
			};
			name = Release;
		};
		DDBDF6EB27AF76EE00D38CE8 /* Debug */ = {
			isa = XCBuildConfiguration;
			baseConfigurationReference = 138EA70CA3BCA44152C0FA0E /* Pods-github_followers.debug.xcconfig */;
			buildSettings = {
				ASSETCATALOG_COMPILER_APPICON_NAME = AppIcon;
				ASSETCATALOG_COMPILER_GLOBAL_ACCENT_COLOR_NAME = AccentColor;
				CODE_SIGN_STYLE = Automatic;
				CURRENT_PROJECT_VERSION = 1;
				DEVELOPMENT_TEAM = X3BL8Q43B9;
				GENERATE_INFOPLIST_FILE = YES;
				INFOPLIST_FILE = "github_followers/Supporting Files/Info.plist";
				INFOPLIST_KEY_UIApplicationSupportsIndirectInputEvents = YES;
				INFOPLIST_KEY_UISupportedInterfaceOrientations = UIInterfaceOrientationPortrait;
				INFOPLIST_KEY_UISupportedInterfaceOrientations_iPad = "UIInterfaceOrientationPortrait UIInterfaceOrientationPortraitUpsideDown UIInterfaceOrientationLandscapeLeft UIInterfaceOrientationLandscapeRight";
				INFOPLIST_KEY_UISupportedInterfaceOrientations_iPhone = "UIInterfaceOrientationPortrait UIInterfaceOrientationLandscapeLeft UIInterfaceOrientationLandscapeRight";
				IPHONEOS_DEPLOYMENT_TARGET = 13.0;
				LD_RUNPATH_SEARCH_PATHS = (
					"$(inherited)",
					"@executable_path/Frameworks",
				);
				MARKETING_VERSION = 1.0;
				PRODUCT_BUNDLE_IDENTIFIER = "com.bencefulop.github-followers";
				PRODUCT_NAME = "$(TARGET_NAME)";
				SWIFT_EMIT_LOC_STRINGS = YES;
				SWIFT_VERSION = 5.0;
				TARGETED_DEVICE_FAMILY = 1;
			};
			name = Debug;
		};
		DDBDF6EC27AF76EE00D38CE8 /* Release */ = {
			isa = XCBuildConfiguration;
			baseConfigurationReference = AEE5D6B3F5AE65567E3A60C7 /* Pods-github_followers.release.xcconfig */;
			buildSettings = {
				ASSETCATALOG_COMPILER_APPICON_NAME = AppIcon;
				ASSETCATALOG_COMPILER_GLOBAL_ACCENT_COLOR_NAME = AccentColor;
				CODE_SIGN_STYLE = Automatic;
				CURRENT_PROJECT_VERSION = 1;
				DEVELOPMENT_TEAM = X3BL8Q43B9;
				GENERATE_INFOPLIST_FILE = YES;
				INFOPLIST_FILE = "github_followers/Supporting Files/Info.plist";
				INFOPLIST_KEY_UIApplicationSupportsIndirectInputEvents = YES;
				INFOPLIST_KEY_UISupportedInterfaceOrientations = UIInterfaceOrientationPortrait;
				INFOPLIST_KEY_UISupportedInterfaceOrientations_iPad = "UIInterfaceOrientationPortrait UIInterfaceOrientationPortraitUpsideDown UIInterfaceOrientationLandscapeLeft UIInterfaceOrientationLandscapeRight";
				INFOPLIST_KEY_UISupportedInterfaceOrientations_iPhone = "UIInterfaceOrientationPortrait UIInterfaceOrientationLandscapeLeft UIInterfaceOrientationLandscapeRight";
				IPHONEOS_DEPLOYMENT_TARGET = 13.0;
				LD_RUNPATH_SEARCH_PATHS = (
					"$(inherited)",
					"@executable_path/Frameworks",
				);
				MARKETING_VERSION = 1.0;
				PRODUCT_BUNDLE_IDENTIFIER = "com.bencefulop.github-followers";
				PRODUCT_NAME = "$(TARGET_NAME)";
				SWIFT_EMIT_LOC_STRINGS = YES;
				SWIFT_VERSION = 5.0;
				TARGETED_DEVICE_FAMILY = 1;
			};
			name = Release;
		};
/* End XCBuildConfiguration section */

/* Begin XCConfigurationList section */
		DDBDF6D127AF76ED00D38CE8 /* Build configuration list for PBXProject "github_followers" */ = {
			isa = XCConfigurationList;
			buildConfigurations = (
				DDBDF6E827AF76EE00D38CE8 /* Debug */,
				DDBDF6E927AF76EE00D38CE8 /* Release */,
			);
			defaultConfigurationIsVisible = 0;
			defaultConfigurationName = Release;
		};
		DDBDF6EA27AF76EE00D38CE8 /* Build configuration list for PBXNativeTarget "github_followers" */ = {
			isa = XCConfigurationList;
			buildConfigurations = (
				DDBDF6EB27AF76EE00D38CE8 /* Debug */,
				DDBDF6EC27AF76EE00D38CE8 /* Release */,
			);
			defaultConfigurationIsVisible = 0;
			defaultConfigurationName = Release;
		};
/* End XCConfigurationList section */
	};
	rootObject = DDBDF6CE27AF76ED00D38CE8 /* Project object */;
}
